
Microsoft Visual Studio Solution File, Format Version 12.00
# Visual Studio 15
Project("{FAE04EC0-301F-11D3-BF4B-00C04F79EFBC}") = "studio38", "studio3.8\studio38.csproj", "{623CCE44-1A5E-43B0-A975-BD53C28A40EB}"
EndProject
Global
	GlobalSection(SolutionConfigurationPlatforms) = preSolution
		Debug|Any CPU = Debug|Any CPU
		Release|Any CPU = Release|Any CPU
	EndGlobalSection
	GlobalSection(ProjectConfigurationPlatforms) = postSolution
		{623CCE44-1A5E-43B0-A975-BD53C28A40EB}.Debug|Any CPU.ActiveCfg = Debug|Any CPU
		{623CCE44-1A5E-43B0-A975-BD53C28A40EB}.Debug|Any CPU.Build.0 = Debug|Any CPU
		{623CCE44-1A5E-43B0-A975-BD53C28A40EB}.Release|Any CPU.ActiveCfg = Release|Any CPU
		{623CCE44-1A5E-43B0-A975-BD53C28A40EB}.Release|Any CPU.Build.0 = Release|Any CPU
	EndGlobalSection
EndGlobal
